Microsoft Visual Studio Solution File, Format Version 12.00
# Visual Studio Version 17
VisualStudioVersion = 17.5.2.0
MinimumVisualStudioVersion = 10.0.40219.1
Project("{FAE04EC0-301F-11D3-BF4B-00C04F79EFBC}") = "IAMDemoProject", "IAMDemoProject.csproj", "{ABD48B7D-7ED7-BFD1-052D-4C4BC1BD1AB5}"
EndProject
Global
	GlobalSection(SolutionConfigurationPlatforms) = preSolution
		Debug|Any CPU = Debug|Any CPU
		Release|Any CPU = Release|Any CPU
	EndGlobalSection
	GlobalSection(ProjectConfigurationPlatforms) = postSolution
		{ABD48B7D-7ED7-BFD1-052D-4C4BC1BD1AB5}.Debug|Any CPU.ActiveCfg = Debug|Any CPU
		{ABD48B7D-7ED7-BFD1-052D-4C4BC1BD1AB5}.Debug|Any CPU.Build.0 = Debug|Any CPU
		{ABD48B7D-7ED7-BFD1-052D-4C4BC1BD1AB5}.Release|Any CPU.ActiveCfg = Release|Any CPU
		{ABD48B7D-7ED7-BFD1-052D-4C4BC1BD1AB5}.Release|Any CPU.Build.0 = Release|Any CPU
	EndGlobalSection
	GlobalSection(SolutionProperties) = preSolution
		HideSolutionNode = FALSE
	EndGlobalSection
	GlobalSection(ExtensibilityGlobals) = postSolution
		SolutionGuid = {F7CBB0CA-FADB-453C-BE3E-ED06A62DF0B6}
	EndGlobalSection
EndGlobal
